
Microsoft Visual Studio Solution File, Format Version 12.00
# Visual Studio Version 16
VisualStudioVersion = 16.0.30204.135
MinimumVisualStudioVersion = 10.0.40219.1
Project("{9A19103F-16F7-4668-BE54-9A1E7A4F7556}") = "Melanchall.DryWetMidi", "DryWetMidi\Melanchall.DryWetMidi.csproj", "{499FDD77-17E3-4249-AAE5-50941A47D35E}"
EndProject
Project("{9A19103F-16F7-4668-BE54-9A1E7A4F7556}") = "Melanchall.DryWetMidi.Tests", "DryWetMidi.Tests\Melanchall.DryWetMidi.Tests.csproj", "{59309BC6-E1C3-40E8-AC58-C3793A5988B8}"
EndProject
Project("{9A19103F-16F7-4668-BE54-9A1E7A4F7556}") = "Melanchall.DryWetMidi.Benchmarks", "DryWetMidi.Benchmarks\Melanchall.DryWetMidi.Benchmarks.csproj", "{26C03452-F03F-4366-A1FF-D6F7493C2FB9}"
EndProject
Project("{9A19103F-16F7-4668-BE54-9A1E7A4F7556}") = "Melanchall.DryWetMidi.Tests.Common", "DryWetMidi.Tests.Common\Melanchall.DryWetMidi.Tests.Common.csproj", "{0862D851-D0CB-44D8-B7F0-1013E0347CFD}"
EndProject
Project("{FAE04EC0-301F-11D3-BF4B-00C04F79EFBC}") = "App1", "App1\App1.csproj", "{7A9C6CAE-DC17-4A57-ADA3-1069439D3C8A}"
EndProject
Global
	GlobalSection(SolutionConfigurationPlatforms) = preSolution
		Coverage|Any CPU = Coverage|Any CPU
		Coverage|ARM = Coverage|ARM
		Coverage|ARM64 = Coverage|ARM64
		Coverage|x64 = Coverage|x64
		Coverage|x86 = Coverage|x86
		Debug|Any CPU = Debug|Any CPU
		Debug|ARM = Debug|ARM
		Debug|ARM64 = Debug|ARM64
		Debug|x64 = Debug|x64
		Debug|x86 = Debug|x86
		Release|Any CPU = Release|Any CPU
		Release|ARM = Release|ARM
		Release|ARM64 = Release|ARM64
		Release|x64 = Release|x64
		Release|x86 = Release|x86
	EndGlobalSection
	GlobalSection(ProjectConfigurationPlatforms) = postSolution
		{499FDD77-17E3-4249-AAE5-50941A47D35E}.Coverage|Any CPU.ActiveCfg = Coverage|Any CPU
		{499FDD77-17E3-4249-AAE5-50941A47D35E}.Coverage|Any CPU.Build.0 = Coverage|Any CPU
		{499FDD77-17E3-4249-AAE5-50941A47D35E}.Coverage|ARM.ActiveCfg = Coverage|Any CPU
		{499FDD77-17E3-4249-AAE5-50941A47D35E}.Coverage|ARM.Build.0 = Coverage|Any CPU
		{499FDD77-17E3-4249-AAE5-50941A47D35E}.Coverage|ARM64.ActiveCfg = Coverage|Any CPU
		{499FDD77-17E3-4249-AAE5-50941A47D35E}.Coverage|ARM64.Build.0 = Coverage|Any CPU
		{499FDD77-17E3-4249-AAE5-50941A47D35E}.Coverage|x64.ActiveCfg = Coverage|Any CPU
		{499FDD77-17E3-4249-AAE5-50941A47D35E}.Coverage|x64.Build.0 = Coverage|Any CPU
		{499FDD77-17E3-4249-AAE5-50941A47D35E}.Coverage|x86.ActiveCfg = Coverage|Any CPU
		{499FDD77-17E3-4249-AAE5-50941A47D35E}.Coverage|x86.Build.0 = Coverage|Any CPU
		{499FDD77-17E3-4249-AAE5-50941A47D35E}.Debug|Any CPU.ActiveCfg = Debug|Any CPU
		{499FDD77-17E3-4249-AAE5-50941A47D35E}.Debug|Any CPU.Build.0 = Debug|Any CPU
		{499FDD77-17E3-4249-AAE5-50941A47D35E}.Debug|ARM.ActiveCfg = Debug|Any CPU
		{499FDD77-17E3-4249-AAE5-50941A47D35E}.Debug|ARM.Build.0 = Debug|Any CPU
		{499FDD77-17E3-4249-AAE5-50941A47D35E}.Debug|ARM64.ActiveCfg = Debug|Any CPU
		{499FDD77-17E3-4249-AAE5-50941A47D35E}.Debug|ARM64.Build.0 = Debug|Any CPU
		{499FDD77-17E3-4249-AAE5-50941A47D35E}.Debug|x64.ActiveCfg = Debug|Any CPU
		{499FDD77-17E3-4249-AAE5-50941A47D35E}.Debug|x64.Build.0 = Debug|Any CPU
		{499FDD77-17E3-4249-AAE5-50941A47D35E}.Debug|x86.ActiveCfg = Debug|Any CPU
		{499FDD77-17E3-4249-AAE5-50941A47D35E}.Debug|x86.Build.0 = Debug|Any CPU
		{499FDD77-17E3-4249-AAE5-50941A47D35E}.Release|Any CPU.ActiveCfg = Release|Any CPU
		{499FDD77-17E3-4249-AAE5-50941A47D35E}.Release|Any CPU.Build.0 = Release|Any CPU
		{499FDD77-17E3-4249-AAE5-50941A47D35E}.Release|ARM.ActiveCfg = Release|Any CPU
		{499FDD77-17E3-4249-AAE5-50941A47D35E}.Release|ARM.Build.0 = Release|Any CPU
		{499FDD77-17E3-4249-AAE5-50941A47D35E}.Release|ARM64.ActiveCfg = Release|Any CPU
		{499FDD77-17E3-4249-AAE5-50941A47D35E}.Release|ARM64.Build.0 = Release|Any CPU
		{499FDD77-17E3-4249-AAE5-50941A47D35E}.Release|x64.ActiveCfg = Release|Any CPU
		{499FDD77-17E3-4249-AAE5-50941A47D35E}.Release|x64.Build.0 = Release|Any CPU
		{499FDD77-17E3-4249-AAE5-50941A47D35E}.Release|x86.ActiveCfg = Release|Any CPU
		{499FDD77-17E3-4249-AAE5-50941A47D35E}.Release|x86.Build.0 = Release|Any CPU
		{59309BC6-E1C3-40E8-AC58-C3793A5988B8}.Coverage|Any CPU.ActiveCfg = Coverage|Any CPU
		{59309BC6-E1C3-40E8-AC58-C3793A5988B8}.Coverage|Any CPU.Build.0 = Coverage|Any CPU
		{59309BC6-E1C3-40E8-AC58-C3793A5988B8}.Coverage|ARM.ActiveCfg = Coverage|Any CPU
		{59309BC6-E1C3-40E8-AC58-C3793A5988B8}.Coverage|ARM.Build.0 = Coverage|Any CPU
		{59309BC6-E1C3-40E8-AC58-C3793A5988B8}.Coverage|ARM64.ActiveCfg = Coverage|Any CPU
		{59309BC6-E1C3-40E8-AC58-C3793A5988B8}.Coverage|ARM64.Build.0 = Coverage|Any CPU
		{59309BC6-E1C3-40E8-AC58-C3793A5988B8}.Coverage|x64.ActiveCfg = Coverage|Any CPU
		{59309BC6-E1C3-40E8-AC58-C3793A5988B8}.Coverage|x64.Build.0 = Coverage|Any CPU
		{59309BC6-E1C3-40E8-AC58-C3793A5988B8}.Coverage|x86.ActiveCfg = Coverage|Any CPU
		{59309BC6-E1C3-40E8-AC58-C3793A5988B8}.Coverage|x86.Build.0 = Coverage|Any CPU
		{59309BC6-E1C3-40E8-AC58-C3793A5988B8}.Debug|Any CPU.ActiveCfg = Debug|Any CPU
		{59309BC6-E1C3-40E8-AC58-C3793A5988B8}.Debug|Any CPU.Build.0 = Debug|Any CPU
		{59309BC6-E1C3-40E8-AC58-C3793A5988B8}.Debug|ARM.ActiveCfg = Debug|Any CPU
		{59309BC6-E1C3-40E8-AC58-C3793A5988B8}.Debug|ARM.Build.0 = Debug|Any CPU
		{59309BC6-E1C3-40E8-AC58-C3793A5988B8}.Debug|ARM64.ActiveCfg = Debug|Any CPU
		{59309BC6-E1C3-40E8-AC58-C3793A5988B8}.Debug|ARM64.Build.0 = Debug|Any CPU
		{59309BC6-E1C3-40E8-AC58-C3793A5988B8}.Debug|x64.ActiveCfg = Debug|Any CPU
		{59309BC6-E1C3-40E8-AC58-C3793A5988B8}.Debug|x64.Build.0 = Debug|Any CPU
		{59309BC6-E1C3-40E8-AC58-C3793A5988B8}.Debug|x86.ActiveCfg = Debug|Any CPU
		{59309BC6-E1C3-40E8-AC58-C3793A5988B8}.Debug|x86.Build.0 = Debug|Any CPU
		{59309BC6-E1C3-40E8-AC58-C3793A5988B8}.Release|Any CPU.ActiveCfg = Release|Any CPU
		{59309BC6-E1C3-40E8-AC58-C3793A5988B8}.Release|Any CPU.Build.0 = Release|Any CPU
		{59309BC6-E1C3-40E8-AC58-C3793A5988B8}.Release|ARM.ActiveCfg = Release|Any CPU
		{59309BC6-E1C3-40E8-AC58-C3793A5988B8}.Release|ARM.Build.0 = Release|Any CPU
		{59309BC6-E1C3-40E8-AC58-C3793A5988B8}.Release|ARM64.ActiveCfg = Release|Any CPU
		{59309BC6-E1C3-40E8-AC58-C3793A5988B8}.Release|ARM64.Build.0 = Release|Any CPU
		{59309BC6-E1C3-40E8-AC58-C3793A5988B8}.Release|x64.ActiveCfg = Release|Any CPU
		{59309BC6-E1C3-40E8-AC58-C3793A5988B8}.Release|x64.Build.0 = Release|Any CPU
		{59309BC6-E1C3-40E8-AC58-C3793A5988B8}.Release|x86.ActiveCfg = Release|Any CPU
		{59309BC6-E1C3-40E8-AC58-C3793A5988B8}.Release|x86.Build.0 = Release|Any CPU
		{26C03452-F03F-4366-A1FF-D6F7493C2FB9}.Coverage|Any CPU.ActiveCfg = Coverage|Any CPU
		{26C03452-F03F-4366-A1FF-D6F7493C2FB9}.Coverage|Any CPU.Build.0 = Coverage|Any CPU
		{26C03452-F03F-4366-A1FF-D6F7493C2FB9}.Coverage|ARM.ActiveCfg = Coverage|Any CPU
		{26C03452-F03F-4366-A1FF-D6F7493C2FB9}.Coverage|ARM.Build.0 = Coverage|Any CPU
		{26C03452-F03F-4366-A1FF-D6F7493C2FB9}.Coverage|ARM64.ActiveCfg = Coverage|Any CPU
		{26C03452-F03F-4366-A1FF-D6F7493C2FB9}.Coverage|ARM64.Build.0 = Coverage|Any CPU
		{26C03452-F03F-4366-A1FF-D6F7493C2FB9}.Coverage|x64.ActiveCfg = Coverage|Any CPU
		{26C03452-F03F-4366-A1FF-D6F7493C2FB9}.Coverage|x64.Build.0 = Coverage|Any CPU
		{26C03452-F03F-4366-A1FF-D6F7493C2FB9}.Coverage|x86.ActiveCfg = Coverage|Any CPU
		{26C03452-F03F-4366-A1FF-D6F7493C2FB9}.Coverage|x86.Build.0 = Coverage|Any CPU
		{26C03452-F03F-4366-A1FF-D6F7493C2FB9}.Debug|Any CPU.ActiveCfg = Debug|Any CPU
		{26C03452-F03F-4366-A1FF-D6F7493C2FB9}.Debug|Any CPU.Build.0 = Debug|Any CPU
		{26C03452-F03F-4366-A1FF-D6F7493C2FB9}.Debug|ARM.ActiveCfg = Debug|Any CPU
		{26C03452-F03F-4366-A1FF-D6F7493C2FB9}.Debug|ARM.Build.0 = Debug|Any CPU
		{26C03452-F03F-4366-A1FF-D6F7493C2FB9}.Debug|ARM64.ActiveCfg = Debug|Any CPU
		{26C03452-F03F-4366-A1FF-D6F7493C2FB9}.Debug|ARM64.Build.0 = Debug|Any CPU
		{26C03452-F03F-4366-A1FF-D6F7493C2FB9}.Debug|x64.ActiveCfg = Debug|Any CPU
		{26C03452-F03F-4366-A1FF-D6F7493C2FB9}.Debug|x64.Build.0 = Debug|Any CPU
		{26C03452-F03F-4366-A1FF-D6F7493C2FB9}.Debug|x86.ActiveCfg = Debug|Any CPU
		{26C03452-F03F-4366-A1FF-D6F7493C2FB9}.Debug|x86.Build.0 = Debug|Any CPU
		{26C03452-F03F-4366-A1FF-D6F7493C2FB9}.Release|Any CPU.ActiveCfg = Release|Any CPU
		{26C03452-F03F-4366-A1FF-D6F7493C2FB9}.Release|Any CPU.Build.0 = Release|Any CPU
		{26C03452-F03F-4366-A1FF-D6F7493C2FB9}.Release|ARM.ActiveCfg = Release|Any CPU
		{26C03452-F03F-4366-A1FF-D6F7493C2FB9}.Release|ARM.Build.0 = Release|Any CPU
		{26C03452-F03F-4366-A1FF-D6F7493C2FB9}.Release|ARM64.ActiveCfg = Release|Any CPU
		{26C03452-F03F-4366-A1FF-D6F7493C2FB9}.Release|ARM64.Build.0 = Release|Any CPU
		{26C03452-F03F-4366-A1FF-D6F7493C2FB9}.Release|x64.ActiveCfg = Release|Any CPU
		{26C03452-F03F-4366-A1FF-D6F7493C2FB9}.Release|x64.Build.0 = Release|Any CPU
		{26C03452-F03F-4366-A1FF-D6F7493C2FB9}.Release|x86.ActiveCfg = Release|Any CPU
		{26C03452-F03F-4366-A1FF-D6F7493C2FB9}.Release|x86.Build.0 = Release|Any CPU
		{0862D851-D0CB-44D8-B7F0-1013E0347CFD}.Coverage|Any CPU.ActiveCfg = Coverage|Any CPU
		{0862D851-D0CB-44D8-B7F0-1013E0347CFD}.Coverage|Any CPU.Build.0 = Coverage|Any CPU
		{0862D851-D0CB-44D8-B7F0-1013E0347CFD}.Coverage|ARM.ActiveCfg = Coverage|Any CPU
		{0862D851-D0CB-44D8-B7F0-1013E0347CFD}.Coverage|ARM.Build.0 = Coverage|Any CPU
		{0862D851-D0CB-44D8-B7F0-1013E0347CFD}.Coverage|ARM64.ActiveCfg = Coverage|Any CPU
		{0862D851-D0CB-44D8-B7F0-1013E0347CFD}.Coverage|ARM64.Build.0 = Coverage|Any CPU
		{0862D851-D0CB-44D8-B7F0-1013E0347CFD}.Coverage|x64.ActiveCfg = Coverage|Any CPU
		{0862D851-D0CB-44D8-B7F0-1013E0347CFD}.Coverage|x64.Build.0 = Coverage|Any CPU
		{0862D851-D0CB-44D8-B7F0-1013E0347CFD}.Coverage|x86.ActiveCfg = Coverage|Any CPU
		{0862D851-D0CB-44D8-B7F0-1013E0347CFD}.Coverage|x86.Build.0 = Coverage|Any CPU
		{0862D851-D0CB-44D8-B7F0-1013E0347CFD}.Debug|Any CPU.ActiveCfg = Debug|Any CPU
		{0862D851-D0CB-44D8-B7F0-1013E0347CFD}.Debug|Any CPU.Build.0 = Debug|Any CPU
		{0862D851-D0CB-44D8-B7F0-1013E0347CFD}.Debug|ARM.ActiveCfg = Debug|Any CPU
		{0862D851-D0CB-44D8-B7F0-1013E0347CFD}.Debug|ARM.Build.0 = Debug|Any CPU
		{0862D851-D0CB-44D8-B7F0-1013E0347CFD}.Debug|ARM64.ActiveCfg = Debug|Any CPU
		{0862D851-D0CB-44D8-B7F0-1013E0347CFD}.Debug|ARM64.Build.0 = Debug|Any CPU
		{0862D851-D0CB-44D8-B7F0-1013E0347CFD}.Debug|x64.ActiveCfg = Debug|Any CPU
		{0862D851-D0CB-44D8-B7F0-1013E0347CFD}.Debug|x64.Build.0 = Debug|Any CPU
		{0862D851-D0CB-44D8-B7F0-1013E0347CFD}.Debug|x86.ActiveCfg = Debug|Any CPU
		{0862D851-D0CB-44D8-B7F0-1013E0347CFD}.Debug|x86.Build.0 = Debug|Any CPU
		{0862D851-D0CB-44D8-B7F0-1013E0347CFD}.Release|Any CPU.ActiveCfg = Release|Any CPU
		{0862D851-D0CB-44D8-B7F0-1013E0347CFD}.Release|Any CPU.Build.0 = Release|Any CPU
		{0862D851-D0CB-44D8-B7F0-1013E0347CFD}.Release|ARM.ActiveCfg = Release|Any CPU
		{0862D851-D0CB-44D8-B7F0-1013E0347CFD}.Release|ARM.Build.0 = Release|Any CPU
		{0862D851-D0CB-44D8-B7F0-1013E0347CFD}.Release|ARM64.ActiveCfg = Release|Any CPU
		{0862D851-D0CB-44D8-B7F0-1013E0347CFD}.Release|ARM64.Build.0 = Release|Any CPU
		{0862D851-D0CB-44D8-B7F0-1013E0347CFD}.Release|x64.ActiveCfg = Release|Any CPU
		{0862D851-D0CB-44D8-B7F0-1013E0347CFD}.Release|x64.Build.0 = Release|Any CPU
		{0862D851-D0CB-44D8-B7F0-1013E0347CFD}.Release|x86.ActiveCfg = Release|Any CPU
		{0862D851-D0CB-44D8-B7F0-1013E0347CFD}.Release|x86.Build.0 = Release|Any CPU
		{7A9C6CAE-DC17-4A57-ADA3-1069439D3C8A}.Coverage|Any CPU.ActiveCfg = Debug|x86
		{7A9C6CAE-DC17-4A57-ADA3-1069439D3C8A}.Coverage|Any CPU.Build.0 = Debug|x86
		{7A9C6CAE-DC17-4A57-ADA3-1069439D3C8A}.Coverage|Any CPU.Deploy.0 = Debug|x86
		{7A9C6CAE-DC17-4A57-ADA3-1069439D3C8A}.Coverage|ARM.ActiveCfg = Debug|ARM
		{7A9C6CAE-DC17-4A57-ADA3-1069439D3C8A}.Coverage|ARM.Build.0 = Debug|ARM
		{7A9C6CAE-DC17-4A57-ADA3-1069439D3C8A}.Coverage|ARM.Deploy.0 = Debug|ARM
		{7A9C6CAE-DC17-4A57-ADA3-1069439D3C8A}.Coverage|ARM64.ActiveCfg = Debug|ARM64
		{7A9C6CAE-DC17-4A57-ADA3-1069439D3C8A}.Coverage|ARM64.Build.0 = Debug|ARM64
		{7A9C6CAE-DC17-4A57-ADA3-1069439D3C8A}.Coverage|ARM64.Deploy.0 = Debug|ARM64
		{7A9C6CAE-DC17-4A57-ADA3-1069439D3C8A}.Coverage|x64.ActiveCfg = Debug|x64
		{7A9C6CAE-DC17-4A57-ADA3-1069439D3C8A}.Coverage|x64.Build.0 = Debug|x64
		{7A9C6CAE-DC17-4A57-ADA3-1069439D3C8A}.Coverage|x64.Deploy.0 = Debug|x64
		{7A9C6CAE-DC17-4A57-ADA3-1069439D3C8A}.Coverage|x86.ActiveCfg = Debug|x86
		{7A9C6CAE-DC17-4A57-ADA3-1069439D3C8A}.Coverage|x86.Build.0 = Debug|x86
		{7A9C6CAE-DC17-4A57-ADA3-1069439D3C8A}.Coverage|x86.Deploy.0 = Debug|x86
		{7A9C6CAE-DC17-4A57-ADA3-1069439D3C8A}.Debug|Any CPU.ActiveCfg = Debug|x86
		{7A9C6CAE-DC17-4A57-ADA3-1069439D3C8A}.Debug|Any CPU.Build.0 = Debug|x86
		{7A9C6CAE-DC17-4A57-ADA3-1069439D3C8A}.Debug|Any CPU.Deploy.0 = Debug|x86
		{7A9C6CAE-DC17-4A57-ADA3-1069439D3C8A}.Debug|ARM.ActiveCfg = Debug|ARM
		{7A9C6CAE-DC17-4A57-ADA3-1069439D3C8A}.Debug|ARM.Build.0 = Debug|ARM
		{7A9C6CAE-DC17-4A57-ADA3-1069439D3C8A}.Debug|ARM.Deploy.0 = Debug|ARM
		{7A9C6CAE-DC17-4A57-ADA3-1069439D3C8A}.Debug|ARM64.ActiveCfg = Debug|ARM64
		{7A9C6CAE-DC17-4A57-ADA3-1069439D3C8A}.Debug|ARM64.Build.0 = Debug|ARM64
		{7A9C6CAE-DC17-4A57-ADA3-1069439D3C8A}.Debug|ARM64.Deploy.0 = Debug|ARM64
		{7A9C6CAE-DC17-4A57-ADA3-1069439D3C8A}.Debug|x64.ActiveCfg = Debug|x64
		{7A9C6CAE-DC17-4A57-ADA3-1069439D3C8A}.Debug|x64.Build.0 = Debug|x64
		{7A9C6CAE-DC17-4A57-ADA3-1069439D3C8A}.Debug|x64.Deploy.0 = Debug|x64
		{7A9C6CAE-DC17-4A57-ADA3-1069439D3C8A}.Debug|x86.ActiveCfg = Debug|x86
		{7A9C6CAE-DC17-4A57-ADA3-1069439D3C8A}.Debug|x86.Build.0 = Debug|x86
		{7A9C6CAE-DC17-4A57-ADA3-1069439D3C8A}.Debug|x86.Deploy.0 = Debug|x86
		{7A9C6CAE-DC17-4A57-ADA3-1069439D3C8A}.Release|Any CPU.ActiveCfg = Release|x86
		{7A9C6CAE-DC17-4A57-ADA3-1069439D3C8A}.Release|ARM.ActiveCfg = Release|ARM
		{7A9C6CAE-DC17-4A57-ADA3-1069439D3C8A}.Release|ARM.Build.0 = Release|ARM
		{7A9C6CAE-DC17-4A57-ADA3-1069439D3C8A}.Release|ARM.Deploy.0 = Release|ARM
		{7A9C6CAE-DC17-4A57-ADA3-1069439D3C8A}.Release|ARM64.ActiveCfg = Release|ARM64
		{7A9C6CAE-DC17-4A57-ADA3-1069439D3C8A}.Release|ARM64.Build.0 = Release|ARM64
		{7A9C6CAE-DC17-4A57-ADA3-1069439D3C8A}.Release|ARM64.Deploy.0 = Release|ARM64
		{7A9C6CAE-DC17-4A57-ADA3-1069439D3C8A}.Release|x64.ActiveCfg = Release|x64
		{7A9C6CAE-DC17-4A57-ADA3-1069439D3C8A}.Release|x64.Build.0 = Release|x64
		{7A9C6CAE-DC17-4A57-ADA3-1069439D3C8A}.Release|x64.Deploy.0 = Release|x64
		{7A9C6CAE-DC17-4A57-ADA3-1069439D3C8A}.Release|x86.ActiveCfg = Release|x86
		{7A9C6CAE-DC17-4A57-ADA3-1069439D3C8A}.Release|x86.Build.0 = Release|x86
		{7A9C6CAE-DC17-4A57-ADA3-1069439D3C8A}.Release|x86.Deploy.0 = Release|x86
	EndGlobalSection
	GlobalSection(SolutionProperties) = preSolution
		HideSolutionNode = FALSE
	EndGlobalSection
	GlobalSection(ExtensibilityGlobals) = postSolution
		SolutionGuid = {AD39B152-E039-4D90-B915-72618373E07D}
	EndGlobalSection
EndGlobal
