
Microsoft Visual Studio Solution File, Format Version 12.00
# Visual Studio Version 16
VisualStudioVersion = 16.0.30204.135
MinimumVisualStudioVersion = 10.0.40219.1
Project("{FAE04EC0-301F-11D3-BF4B-00C04F79EFBC}") = "App1", "App1\App1.csproj", "{7A9C6CAE-DC17-4A57-ADA3-1069439D3C8A}"
EndProject
Project("{FAE04EC0-301F-11D3-BF4B-00C04F79EFBC}") = "Melanchall.DryWetMidi.UWP", "Melanchall.DryWetMidi.UWP\Melanchall.DryWetMidi.UWP.csproj", "{3B259086-6E7D-4ECC-A419-094F71503F63}"
EndProject
Global
	GlobalSection(SolutionConfigurationPlatforms) = preSolution
		Coverage|Any CPU = Coverage|Any CPU
		Coverage|ARM = Coverage|ARM
		Coverage|ARM64 = Coverage|ARM64
		Coverage|x64 = Coverage|x64
		Coverage|x86 = Coverage|x86
		Debug|Any CPU = Debug|Any CPU
		Debug|ARM = Debug|ARM
		Debug|ARM64 = Debug|ARM64
		Debug|x64 = Debug|x64
		Debug|x86 = Debug|x86
		Release|Any CPU = Release|Any CPU
		Release|ARM = Release|ARM
		Release|ARM64 = Release|ARM64
		Release|x64 = Release|x64
		Release|x86 = Release|x86
	EndGlobalSection
	GlobalSection(ProjectConfigurationPlatforms) = postSolution
		{7A9C6CAE-DC17-4A57-ADA3-1069439D3C8A}.Coverage|Any CPU.ActiveCfg = Debug|x86
		{7A9C6CAE-DC17-4A57-ADA3-1069439D3C8A}.Coverage|Any CPU.Build.0 = Debug|x86
		{7A9C6CAE-DC17-4A57-ADA3-1069439D3C8A}.Coverage|Any CPU.Deploy.0 = Debug|x86
		{7A9C6CAE-DC17-4A57-ADA3-1069439D3C8A}.Coverage|ARM.ActiveCfg = Debug|ARM
		{7A9C6CAE-DC17-4A57-ADA3-1069439D3C8A}.Coverage|ARM.Build.0 = Debug|ARM
		{7A9C6CAE-DC17-4A57-ADA3-1069439D3C8A}.Coverage|ARM.Deploy.0 = Debug|ARM
		{7A9C6CAE-DC17-4A57-ADA3-1069439D3C8A}.Coverage|ARM64.ActiveCfg = Debug|ARM64
		{7A9C6CAE-DC17-4A57-ADA3-1069439D3C8A}.Coverage|ARM64.Build.0 = Debug|ARM64
		{7A9C6CAE-DC17-4A57-ADA3-1069439D3C8A}.Coverage|ARM64.Deploy.0 = Debug|ARM64
		{7A9C6CAE-DC17-4A57-ADA3-1069439D3C8A}.Coverage|x64.ActiveCfg = Debug|x64
		{7A9C6CAE-DC17-4A57-ADA3-1069439D3C8A}.Coverage|x64.Build.0 = Debug|x64
		{7A9C6CAE-DC17-4A57-ADA3-1069439D3C8A}.Coverage|x64.Deploy.0 = Debug|x64
		{7A9C6CAE-DC17-4A57-ADA3-1069439D3C8A}.Coverage|x86.ActiveCfg = Debug|x86
		{7A9C6CAE-DC17-4A57-ADA3-1069439D3C8A}.Coverage|x86.Build.0 = Debug|x86
		{7A9C6CAE-DC17-4A57-ADA3-1069439D3C8A}.Coverage|x86.Deploy.0 = Debug|x86
		{7A9C6CAE-DC17-4A57-ADA3-1069439D3C8A}.Debug|Any CPU.ActiveCfg = Debug|x86
		{7A9C6CAE-DC17-4A57-ADA3-1069439D3C8A}.Debug|Any CPU.Build.0 = Debug|x86
		{7A9C6CAE-DC17-4A57-ADA3-1069439D3C8A}.Debug|Any CPU.Deploy.0 = Debug|x86
		{7A9C6CAE-DC17-4A57-ADA3-1069439D3C8A}.Debug|ARM.ActiveCfg = Debug|ARM
		{7A9C6CAE-DC17-4A57-ADA3-1069439D3C8A}.Debug|ARM.Build.0 = Debug|ARM
		{7A9C6CAE-DC17-4A57-ADA3-1069439D3C8A}.Debug|ARM.Deploy.0 = Debug|ARM
		{7A9C6CAE-DC17-4A57-ADA3-1069439D3C8A}.Debug|ARM64.ActiveCfg = Debug|ARM64
		{7A9C6CAE-DC17-4A57-ADA3-1069439D3C8A}.Debug|ARM64.Build.0 = Debug|ARM64
		{7A9C6CAE-DC17-4A57-ADA3-1069439D3C8A}.Debug|ARM64.Deploy.0 = Debug|ARM64
		{7A9C6CAE-DC17-4A57-ADA3-1069439D3C8A}.Debug|x64.ActiveCfg = Debug|x64
		{7A9C6CAE-DC17-4A57-ADA3-1069439D3C8A}.Debug|x64.Build.0 = Debug|x64
		{7A9C6CAE-DC17-4A57-ADA3-1069439D3C8A}.Debug|x64.Deploy.0 = Debug|x64
		{7A9C6CAE-DC17-4A57-ADA3-1069439D3C8A}.Debug|x86.ActiveCfg = Debug|x86
		{7A9C6CAE-DC17-4A57-ADA3-1069439D3C8A}.Debug|x86.Build.0 = Debug|x86
		{7A9C6CAE-DC17-4A57-ADA3-1069439D3C8A}.Debug|x86.Deploy.0 = Debug|x86
		{7A9C6CAE-DC17-4A57-ADA3-1069439D3C8A}.Release|Any CPU.ActiveCfg = Release|x86
		{7A9C6CAE-DC17-4A57-ADA3-1069439D3C8A}.Release|ARM.ActiveCfg = Release|ARM
		{7A9C6CAE-DC17-4A57-ADA3-1069439D3C8A}.Release|ARM.Build.0 = Release|ARM
		{7A9C6CAE-DC17-4A57-ADA3-1069439D3C8A}.Release|ARM.Deploy.0 = Release|ARM
		{7A9C6CAE-DC17-4A57-ADA3-1069439D3C8A}.Release|ARM64.ActiveCfg = Release|ARM64
		{7A9C6CAE-DC17-4A57-ADA3-1069439D3C8A}.Release|ARM64.Build.0 = Release|ARM64
		{7A9C6CAE-DC17-4A57-ADA3-1069439D3C8A}.Release|ARM64.Deploy.0 = Release|ARM64
		{7A9C6CAE-DC17-4A57-ADA3-1069439D3C8A}.Release|x64.ActiveCfg = Release|x64
		{7A9C6CAE-DC17-4A57-ADA3-1069439D3C8A}.Release|x64.Build.0 = Release|x64
		{7A9C6CAE-DC17-4A57-ADA3-1069439D3C8A}.Release|x64.Deploy.0 = Release|x64
		{7A9C6CAE-DC17-4A57-ADA3-1069439D3C8A}.Release|x86.ActiveCfg = Release|x86
		{7A9C6CAE-DC17-4A57-ADA3-1069439D3C8A}.Release|x86.Build.0 = Release|x86
		{7A9C6CAE-DC17-4A57-ADA3-1069439D3C8A}.Release|x86.Deploy.0 = Release|x86
		{3B259086-6E7D-4ECC-A419-094F71503F63}.Coverage|Any CPU.ActiveCfg = Debug|Any CPU
		{3B259086-6E7D-4ECC-A419-094F71503F63}.Coverage|Any CPU.Build.0 = Debug|Any CPU
		{3B259086-6E7D-4ECC-A419-094F71503F63}.Coverage|ARM.ActiveCfg = Debug|ARM
		{3B259086-6E7D-4ECC-A419-094F71503F63}.Coverage|ARM.Build.0 = Debug|ARM
		{3B259086-6E7D-4ECC-A419-094F71503F63}.Coverage|ARM64.ActiveCfg = Debug|ARM64
		{3B259086-6E7D-4ECC-A419-094F71503F63}.Coverage|ARM64.Build.0 = Debug|ARM64
		{3B259086-6E7D-4ECC-A419-094F71503F63}.Coverage|x64.ActiveCfg = Debug|x64
		{3B259086-6E7D-4ECC-A419-094F71503F63}.Coverage|x64.Build.0 = Debug|x64
		{3B259086-6E7D-4ECC-A419-094F71503F63}.Coverage|x86.ActiveCfg = Debug|x86
		{3B259086-6E7D-4ECC-A419-094F71503F63}.Coverage|x86.Build.0 = Debug|x86
		{3B259086-6E7D-4ECC-A419-094F71503F63}.Debug|Any CPU.ActiveCfg = Debug|Any CPU
		{3B259086-6E7D-4ECC-A419-094F71503F63}.Debug|Any CPU.Build.0 = Debug|Any CPU
		{3B259086-6E7D-4ECC-A419-094F71503F63}.Debug|ARM.ActiveCfg = Debug|ARM
		{3B259086-6E7D-4ECC-A419-094F71503F63}.Debug|ARM.Build.0 = Debug|ARM
		{3B259086-6E7D-4ECC-A419-094F71503F63}.Debug|ARM64.ActiveCfg = Debug|ARM64
		{3B259086-6E7D-4ECC-A419-094F71503F63}.Debug|ARM64.Build.0 = Debug|ARM64
		{3B259086-6E7D-4ECC-A419-094F71503F63}.Debug|x64.ActiveCfg = Debug|x64
		{3B259086-6E7D-4ECC-A419-094F71503F63}.Debug|x64.Build.0 = Debug|x64
		{3B259086-6E7D-4ECC-A419-094F71503F63}.Debug|x86.ActiveCfg = Debug|x86
		{3B259086-6E7D-4ECC-A419-094F71503F63}.Debug|x86.Build.0 = Debug|x86
		{3B259086-6E7D-4ECC-A419-094F71503F63}.Release|Any CPU.ActiveCfg = Release|Any CPU
		{3B259086-6E7D-4ECC-A419-094F71503F63}.Release|Any CPU.Build.0 = Release|Any CPU
		{3B259086-6E7D-4ECC-A419-094F71503F63}.Release|ARM.ActiveCfg = Release|ARM
		{3B259086-6E7D-4ECC-A419-094F71503F63}.Release|ARM.Build.0 = Release|ARM
		{3B259086-6E7D-4ECC-A419-094F71503F63}.Release|ARM64.ActiveCfg = Release|ARM64
		{3B259086-6E7D-4ECC-A419-094F71503F63}.Release|ARM64.Build.0 = Release|ARM64
		{3B259086-6E7D-4ECC-A419-094F71503F63}.Release|x64.ActiveCfg = Release|x64
		{3B259086-6E7D-4ECC-A419-094F71503F63}.Release|x64.Build.0 = Release|x64
		{3B259086-6E7D-4ECC-A419-094F71503F63}.Release|x86.ActiveCfg = Release|x86
		{3B259086-6E7D-4ECC-A419-094F71503F63}.Release|x86.Build.0 = Release|x86
	EndGlobalSection
	GlobalSection(SolutionProperties) = preSolution
		HideSolutionNode = FALSE
	EndGlobalSection
	GlobalSection(ExtensibilityGlobals) = postSolution
		SolutionGuid = {AD39B152-E039-4D90-B915-72618373E07D}
	EndGlobalSection
EndGlobal
